
Microsoft Visual Studio Solution File, Format Version 12.00
# Visual Studio 14
VisualStudioVersion = 14.0.25420.1
MinimumVisualStudioVersion = 10.0.40219.1
Project("{FAE04EC0-301F-11D3-BF4B-00C04F79EFBC}") = "terytDLL_2", "terytDLL_2\terytDLL_2.csproj", "{C0E9F33C-3868-4100-9B76-DAD5D3754FAD}"
EndProject
Project("{FAE04EC0-301F-11D3-BF4B-00C04F79EFBC}") = "terytWPF", "terytWPF\terytWPF.csproj", "{1FB9C319-E24F-4CF5-B5B1-321F43F5929A}"
EndProject
Project("{FAE04EC0-301F-11D3-BF4B-00C04F79EFBC}") = "terytWS", "terytWS\terytWS.csproj", "{D9AD79F8-1381-413B-ABD4-A62CC1E88F74}"
EndProject
Global
	GlobalSection(SolutionConfigurationPlatforms) = preSolution
		Debug|Any CPU = Debug|Any CPU
		Release|Any CPU = Release|Any CPU
	EndGlobalSection
	GlobalSection(ProjectConfigurationPlatforms) = postSolution
		{C0E9F33C-3868-4100-9B76-DAD5D3754FAD}.Debug|Any CPU.ActiveCfg = Debug|Any CPU
		{C0E9F33C-3868-4100-9B76-DAD5D3754FAD}.Debug|Any CPU.Build.0 = Debug|Any CPU
		{C0E9F33C-3868-4100-9B76-DAD5D3754FAD}.Release|Any CPU.ActiveCfg = Release|Any CPU
		{C0E9F33C-3868-4100-9B76-DAD5D3754FAD}.Release|Any CPU.Build.0 = Release|Any CPU
		{1FB9C319-E24F-4CF5-B5B1-321F43F5929A}.Debug|Any CPU.ActiveCfg = Debug|Any CPU
		{1FB9C319-E24F-4CF5-B5B1-321F43F5929A}.Debug|Any CPU.Build.0 = Debug|Any CPU
		{1FB9C319-E24F-4CF5-B5B1-321F43F5929A}.Release|Any CPU.ActiveCfg = Release|Any CPU
		{1FB9C319-E24F-4CF5-B5B1-321F43F5929A}.Release|Any CPU.Build.0 = Release|Any CPU
		{D9AD79F8-1381-413B-ABD4-A62CC1E88F74}.Debug|Any CPU.ActiveCfg = Debug|Any CPU
		{D9AD79F8-1381-413B-ABD4-A62CC1E88F74}.Debug|Any CPU.Build.0 = Debug|Any CPU
		{D9AD79F8-1381-413B-ABD4-A62CC1E88F74}.Release|Any CPU.ActiveCfg = Release|Any CPU
		{D9AD79F8-1381-413B-ABD4-A62CC1E88F74}.Release|Any CPU.Build.0 = Release|Any CPU
	EndGlobalSection
	GlobalSection(SolutionProperties) = preSolution
		HideSolutionNode = FALSE
	EndGlobalSection
EndGlobal
